
Microsoft Visual Studio Solution File, Format Version 12.00
# Visual Studio Version 16
VisualStudioVersion = 16.0.29509.3
MinimumVisualStudioVersion = 10.0.40219.1
Project("{FAE04EC0-301F-11D3-BF4B-00C04F79EFBC}") = "Microservice.Persistence.API", "Microservice.Persistence.API\Microservice.Persistence.API.csproj", "{906D07A7-3EDE-46CF-B4CD-003A4BD067A3}"
EndProject
Project("{00D1A9C2-B5F0-4AF3-8072-F6C62B433612}") = "Microservice.Persistence.DataBase", "Microservice.Persistence.DataBase\Microservice.Persistence.DataBase.sqlproj", "{5DA22E3B-1928-4FBD-A268-5968B5C5011A}"
EndProject
Global
	GlobalSection(SolutionConfigurationPlatforms) = preSolution
		Debug|Any CPU = Debug|Any CPU
		Release|Any CPU = Release|Any CPU
	EndGlobalSection
	GlobalSection(ProjectConfigurationPlatforms) = postSolution
		{906D07A7-3EDE-46CF-B4CD-003A4BD067A3}.Debug|Any CPU.ActiveCfg = Debug|Any CPU
		{906D07A7-3EDE-46CF-B4CD-003A4BD067A3}.Debug|Any CPU.Build.0 = Debug|Any CPU
		{906D07A7-3EDE-46CF-B4CD-003A4BD067A3}.Release|Any CPU.ActiveCfg = Release|Any CPU
		{906D07A7-3EDE-46CF-B4CD-003A4BD067A3}.Release|Any CPU.Build.0 = Release|Any CPU
		{5DA22E3B-1928-4FBD-A268-5968B5C5011A}.Debug|Any CPU.ActiveCfg = Debug|Any CPU
		{5DA22E3B-1928-4FBD-A268-5968B5C5011A}.Debug|Any CPU.Build.0 = Debug|Any CPU
		{5DA22E3B-1928-4FBD-A268-5968B5C5011A}.Debug|Any CPU.Deploy.0 = Debug|Any CPU
		{5DA22E3B-1928-4FBD-A268-5968B5C5011A}.Release|Any CPU.ActiveCfg = Release|Any CPU
		{5DA22E3B-1928-4FBD-A268-5968B5C5011A}.Release|Any CPU.Build.0 = Release|Any CPU
		{5DA22E3B-1928-4FBD-A268-5968B5C5011A}.Release|Any CPU.Deploy.0 = Release|Any CPU
	EndGlobalSection
	GlobalSection(SolutionProperties) = preSolution
		HideSolutionNode = FALSE
	EndGlobalSection
	GlobalSection(ExtensibilityGlobals) = postSolution
		SolutionGuid = {CDB11B9E-6B8F-453C-9DD1-7E5ACDC34B7D}
	EndGlobalSection
EndGlobal
