
Microsoft Visual Studio Solution File, Format Version 12.00
# Visual Studio Version 16
VisualStudioVersion = 16.0.29709.97
MinimumVisualStudioVersion = 10.0.40219.1
Project("{FAE04EC0-301F-11D3-BF4B-00C04F79EFBC}") = "Microservice.Persistence.API", "Microservice.Persistence.API\Microservice.Persistence.API.csproj", "{9BFC200B-CFDA-4A56-8EC8-E495E3C61A00}"
EndProject
Global
	GlobalSection(SolutionConfigurationPlatforms) = preSolution
		Debug|Any CPU = Debug|Any CPU
		Release|Any CPU = Release|Any CPU
	EndGlobalSection
	GlobalSection(ProjectConfigurationPlatforms) = postSolution
		{9BFC200B-CFDA-4A56-8EC8-E495E3C61A00}.Debug|Any CPU.ActiveCfg = Debug|Any CPU
		{9BFC200B-CFDA-4A56-8EC8-E495E3C61A00}.Debug|Any CPU.Build.0 = Debug|Any CPU
		{9BFC200B-CFDA-4A56-8EC8-E495E3C61A00}.Release|Any CPU.ActiveCfg = Release|Any CPU
		{9BFC200B-CFDA-4A56-8EC8-E495E3C61A00}.Release|Any CPU.Build.0 = Release|Any CPU
	EndGlobalSection
	GlobalSection(SolutionProperties) = preSolution
		HideSolutionNode = FALSE
	EndGlobalSection
	GlobalSection(ExtensibilityGlobals) = postSolution
		SolutionGuid = {8F848246-A294-496F-9CCB-05199B723361}
	EndGlobalSection
EndGlobal
